
Microsoft Visual Studio Solution File, Format Version 12.00
# Visual Studio 15
VisualStudioVersion = 15.0.27004.2002
MinimumVisualStudioVersion = 10.0.40219.1
Project("{8BC9CEB8-8B4A-11D0-8D11-00A0C91BC942}") = "Main", "Main\Main.vcxproj", "{09AC26AC-AB3D-4F0C-8EF0-7413361C73E8}"
	ProjectSection(ProjectDependencies) = postProject
		{18BFAD1B-191F-4CFD-B88D-8D9A37431740} = {18BFAD1B-191F-4CFD-B88D-8D9A37431740}
		{38274A23-14AC-4968-A9BC-6C2D7319A1F4} = {38274A23-14AC-4968-A9BC-6C2D7319A1F4}
		{A3A1CF69-3838-4C57-B60B-CDA4E3376C91} = {A3A1CF69-3838-4C57-B60B-CDA4E3376C91}
		{1A1D818D-8B30-406C-A5F0-98ABE01FF820} = {1A1D818D-8B30-406C-A5F0-98ABE01FF820}
		{1F63E8D0-436F-41CB-8029-FCC479103C0C} = {1F63E8D0-436F-41CB-8029-FCC479103C0C}
	EndProjectSection
EndProject
Project("{8BC9CEB8-8B4A-11D0-8D11-00A0C91BC942}") = "RedGL", "RedGL\RedGL.vcxproj", "{18BFAD1B-191F-4CFD-B88D-8D9A37431740}"
EndProject
Project("{8BC9CEB8-8B4A-11D0-8D11-00A0C91BC942}") = "File", "File\File.vcxproj", "{A3A1CF69-3838-4C57-B60B-CDA4E3376C91}"
EndProject
Project("{8BC9CEB8-8B4A-11D0-8D11-00A0C91BC942}") = "Engine", "Engine\Engine.vcxproj", "{38274A23-14AC-4968-A9BC-6C2D7319A1F4}"
	ProjectSection(ProjectDependencies) = postProject
		{18BFAD1B-191F-4CFD-B88D-8D9A37431740} = {18BFAD1B-191F-4CFD-B88D-8D9A37431740}
		{A3A1CF69-3838-4C57-B60B-CDA4E3376C91} = {A3A1CF69-3838-4C57-B60B-CDA4E3376C91}
	EndProjectSection
EndProject
Project("{8BC9CEB8-8B4A-11D0-8D11-00A0C91BC942}") = "Component", "Component\Component.vcxproj", "{1A1D818D-8B30-406C-A5F0-98ABE01FF820}"
EndProject
Project("{8BC9CEB8-8B4A-11D0-8D11-00A0C91BC942}") = "App", "App\App.vcxproj", "{1F63E8D0-436F-41CB-8029-FCC479103C0C}"
EndProject
Global
	GlobalSection(SolutionConfigurationPlatforms) = preSolution
		Debug|x64 = Debug|x64
		Debug|x86 = Debug|x86
		Release|x64 = Release|x64
		Release|x86 = Release|x86
	EndGlobalSection
	GlobalSection(ProjectConfigurationPlatforms) = postSolution
		{09AC26AC-AB3D-4F0C-8EF0-7413361C73E8}.Debug|x64.ActiveCfg = Debug|x64
		{09AC26AC-AB3D-4F0C-8EF0-7413361C73E8}.Debug|x64.Build.0 = Debug|x64
		{09AC26AC-AB3D-4F0C-8EF0-7413361C73E8}.Debug|x86.ActiveCfg = Debug|Win32
		{09AC26AC-AB3D-4F0C-8EF0-7413361C73E8}.Debug|x86.Build.0 = Debug|Win32
		{09AC26AC-AB3D-4F0C-8EF0-7413361C73E8}.Release|x64.ActiveCfg = Release|x64
		{09AC26AC-AB3D-4F0C-8EF0-7413361C73E8}.Release|x64.Build.0 = Release|x64
		{09AC26AC-AB3D-4F0C-8EF0-7413361C73E8}.Release|x86.ActiveCfg = Release|Win32
		{09AC26AC-AB3D-4F0C-8EF0-7413361C73E8}.Release|x86.Build.0 = Release|Win32
		{18BFAD1B-191F-4CFD-B88D-8D9A37431740}.Debug|x64.ActiveCfg = Debug|x64
		{18BFAD1B-191F-4CFD-B88D-8D9A37431740}.Debug|x64.Build.0 = Debug|x64
		{18BFAD1B-191F-4CFD-B88D-8D9A37431740}.Debug|x86.ActiveCfg = Debug|Win32
		{18BFAD1B-191F-4CFD-B88D-8D9A37431740}.Debug|x86.Build.0 = Debug|Win32
		{18BFAD1B-191F-4CFD-B88D-8D9A37431740}.Release|x64.ActiveCfg = Release|x64
		{18BFAD1B-191F-4CFD-B88D-8D9A37431740}.Release|x64.Build.0 = Release|x64
		{18BFAD1B-191F-4CFD-B88D-8D9A37431740}.Release|x86.ActiveCfg = Release|Win32
		{18BFAD1B-191F-4CFD-B88D-8D9A37431740}.Release|x86.Build.0 = Release|Win32
		{A3A1CF69-3838-4C57-B60B-CDA4E3376C91}.Debug|x64.ActiveCfg = Debug|x64
		{A3A1CF69-3838-4C57-B60B-CDA4E3376C91}.Debug|x64.Build.0 = Debug|x64
		{A3A1CF69-3838-4C57-B60B-CDA4E3376C91}.Debug|x86.ActiveCfg = Debug|Win32
		{A3A1CF69-3838-4C57-B60B-CDA4E3376C91}.Debug|x86.Build.0 = Debug|Win32
		{A3A1CF69-3838-4C57-B60B-CDA4E3376C91}.Release|x64.ActiveCfg = Release|x64
		{A3A1CF69-3838-4C57-B60B-CDA4E3376C91}.Release|x64.Build.0 = Release|x64
		{A3A1CF69-3838-4C57-B60B-CDA4E3376C91}.Release|x86.ActiveCfg = Release|Win32
		{A3A1CF69-3838-4C57-B60B-CDA4E3376C91}.Release|x86.Build.0 = Release|Win32
		{38274A23-14AC-4968-A9BC-6C2D7319A1F4}.Debug|x64.ActiveCfg = Debug|x64
		{38274A23-14AC-4968-A9BC-6C2D7319A1F4}.Debug|x64.Build.0 = Debug|x64
		{38274A23-14AC-4968-A9BC-6C2D7319A1F4}.Debug|x86.ActiveCfg = Debug|Win32
		{38274A23-14AC-4968-A9BC-6C2D7319A1F4}.Debug|x86.Build.0 = Debug|Win32
		{38274A23-14AC-4968-A9BC-6C2D7319A1F4}.Release|x64.ActiveCfg = Release|x64
		{38274A23-14AC-4968-A9BC-6C2D7319A1F4}.Release|x64.Build.0 = Release|x64
		{38274A23-14AC-4968-A9BC-6C2D7319A1F4}.Release|x86.ActiveCfg = Release|Win32
		{38274A23-14AC-4968-A9BC-6C2D7319A1F4}.Release|x86.Build.0 = Release|Win32
		{1A1D818D-8B30-406C-A5F0-98ABE01FF820}.Debug|x64.ActiveCfg = Debug|x64
		{1A1D818D-8B30-406C-A5F0-98ABE01FF820}.Debug|x64.Build.0 = Debug|x64
		{1A1D818D-8B30-406C-A5F0-98ABE01FF820}.Debug|x86.ActiveCfg = Debug|Win32
		{1A1D818D-8B30-406C-A5F0-98ABE01FF820}.Debug|x86.Build.0 = Debug|Win32
		{1A1D818D-8B30-406C-A5F0-98ABE01FF820}.Release|x64.ActiveCfg = Release|x64
		{1A1D818D-8B30-406C-A5F0-98ABE01FF820}.Release|x64.Build.0 = Release|x64
		{1A1D818D-8B30-406C-A5F0-98ABE01FF820}.Release|x86.ActiveCfg = Release|Win32
		{1A1D818D-8B30-406C-A5F0-98ABE01FF820}.Release|x86.Build.0 = Release|Win32
		{1F63E8D0-436F-41CB-8029-FCC479103C0C}.Debug|x64.ActiveCfg = Debug|x64
		{1F63E8D0-436F-41CB-8029-FCC479103C0C}.Debug|x64.Build.0 = Debug|x64
		{1F63E8D0-436F-41CB-8029-FCC479103C0C}.Debug|x86.ActiveCfg = Debug|Win32
		{1F63E8D0-436F-41CB-8029-FCC479103C0C}.Debug|x86.Build.0 = Debug|Win32
		{1F63E8D0-436F-41CB-8029-FCC479103C0C}.Release|x64.ActiveCfg = Release|x64
		{1F63E8D0-436F-41CB-8029-FCC479103C0C}.Release|x64.Build.0 = Release|x64
		{1F63E8D0-436F-41CB-8029-FCC479103C0C}.Release|x86.ActiveCfg = Release|Win32
		{1F63E8D0-436F-41CB-8029-FCC479103C0C}.Release|x86.Build.0 = Release|Win32
	EndGlobalSection
	GlobalSection(SolutionProperties) = preSolution
		HideSolutionNode = FALSE
	EndGlobalSection
	GlobalSection(ExtensibilityGlobals) = postSolution
		SolutionGuid = {FA434319-C5D0-4C8B-B67F-CA4EEFDCC50A}
	EndGlobalSection
EndGlobal
